
Microsoft Visual Studio Solution File, Format Version 12.00
Project("{FAE04EC0-301F-11D3-BF4B-00C04F79EFBC}") = "Otus.Home.Docker.WebApplication", "Otus.Home.Docker.WebApplication\Otus.Home.Docker.WebApplication.csproj", "{297244E4-2C96-47E8-8E91-89238AAB3874}"
EndProject
Project("{2150E333-8FDC-42A3-9474-1A3956D46DE8}") = "src", "src", "{73359D33-9510-4F42-B265-49FAC88605D4}"
EndProject
Global
	GlobalSection(SolutionConfigurationPlatforms) = preSolution
		Debug|Any CPU = Debug|Any CPU
		Release|Any CPU = Release|Any CPU
	EndGlobalSection
	GlobalSection(ProjectConfigurationPlatforms) = postSolution
		{297244E4-2C96-47E8-8E91-89238AAB3874}.Debug|Any CPU.ActiveCfg = Debug|Any CPU
		{297244E4-2C96-47E8-8E91-89238AAB3874}.Debug|Any CPU.Build.0 = Debug|Any CPU
		{297244E4-2C96-47E8-8E91-89238AAB3874}.Release|Any CPU.ActiveCfg = Release|Any CPU
		{297244E4-2C96-47E8-8E91-89238AAB3874}.Release|Any CPU.Build.0 = Release|Any CPU
	EndGlobalSection
	GlobalSection(NestedProjects) = preSolution
		{297244E4-2C96-47E8-8E91-89238AAB3874} = {73359D33-9510-4F42-B265-49FAC88605D4}
	EndGlobalSection
EndGlobal
